{
  "name": "main",
  "version": "1.0.0",
  "lockfileVersion": 2,
  "requires": true,
  "packages": {
    "": {
      "name": "main",
      "version": "1.0.0",
      "devDependencies": {
        "codemirror": "^6.0.1",
        "highlight.js": "^11.6.0",
        "tui-editor": "^1.4.10"
      }
    },
    "node_modules/@codemirror/autocomplete": {
      "version": "6.3.0",
      "resolved": "https://registry.npmjs.org/@codemirror/autocomplete/-/autocomplete-6.3.0.tgz",
      "integrity": "sha512-4jEvh3AjJZTDKazd10J6ZsCIqaYxDMCeua5ouQxY8hlFIml+nr7le0SgBhT3SIytFBmdzPK3AUhXGuW3T79nVg==",
      "dev": true,
      "dependencies": {
        "@codemirror/language": "^6.0.0",
        "@codemirror/state": "^6.0.0",
        "@codemirror/view": "^6.0.0",
        "@lezer/common": "^1.0.0"
      },
      "peerDependencies": {
        "@codemirror/language": "^6.0.0",
        "@codemirror/state": "^6.0.0",
        "@codemirror/view": "^6.0.0",
        "@lezer/common": "^1.0.0"
      }
    },
    "node_modules/@codemirror/commands": {
      "version": "6.1.2",
      "resolved": "https://registry.npmjs.org/@codemirror/commands/-/commands-6.1.2.tgz",
      "integrity": "sha512-sO3jdX1s0pam6lIdeSJLMN3DQ6mPEbM4yLvyKkdqtmd/UDwhXA5+AwFJ89rRXm6vTeOXBsE5cAmlos/t7MJdgg==",
      "dev": true,
      "dependencies": {
        "@codemirror/language": "^6.0.0",
        "@codemirror/state": "^6.0.0",
        "@codemirror/view": "^6.0.0",
        "@lezer/common": "^1.0.0"
      }
    },
    "node_modules/@codemirror/language": {
      "version": "6.2.1",
      "resolved": "https://registry.npmjs.org/@codemirror/language/-/language-6.2.1.tgz",
      "integrity": "sha512-MC3svxuvIj0MRpFlGHxLS6vPyIdbTr2KKPEW46kCoCXw2ktb4NTkpkPBI/lSP/FoNXLCBJ0mrnUi1OoZxtpW1Q==",
      "dev": true,
      "dependencies": {
        "@codemirror/state": "^6.0.0",
        "@codemirror/view": "^6.0.0",
        "@lezer/common": "^1.0.0",
        "@lezer/highlight": "^1.0.0",
        "@lezer/lr": "^1.0.0",
        "style-mod": "^4.0.0"
      }
    },
    "node_modules/@codemirror/lint": {
      "version": "6.0.0",
      "resolved": "https://registry.npmjs.org/@codemirror/lint/-/lint-6.0.0.tgz",
      "integrity": "sha512-nUUXcJW1Xp54kNs+a1ToPLK8MadO0rMTnJB8Zk4Z8gBdrN0kqV7uvUraU/T2yqg+grDNR38Vmy/MrhQN/RgwiA==",
      "dev": true,
      "dependencies": {
        "@codemirror/state": "^6.0.0",
        "@codemirror/view": "^6.0.0",
        "crelt": "^1.0.5"
      }
    },
    "node_modules/@codemirror/search": {
      "version": "6.2.1",
      "resolved": "https://registry.npmjs.org/@codemirror/search/-/search-6.2.1.tgz",
      "integrity": "sha512-Q1JgUSBjQZRPIddlXzad/AVDigdhriLxQNFyP0gfrDTq6LDHNhr95U/tW3bpVssGenkaLzujtu/7XoK4kyvL3g==",
      "dev": true,
      "dependencies": {
        "@codemirror/state": "^6.0.0",
        "@codemirror/view": "^6.0.0",
        "crelt": "^1.0.5"
      }
    },
    "node_modules/@codemirror/state": {
      "version": "6.1.2",
      "resolved": "https://registry.npmjs.org/@codemirror/state/-/state-6.1.2.tgz",
      "integrity": "sha512-Mxff85Hp5va+zuj+H748KbubXjrinX/k28lj43H14T2D0+4kuvEFIEIO7hCEcvBT8ubZyIelt9yGOjj2MWOEQA==",
      "dev": true
    },
    "node_modules/@codemirror/view": {
      "version": "6.3.1",
      "resolved": "https://registry.npmjs.org/@codemirror/view/-/view-6.3.1.tgz",
      "integrity": "sha512-NKPBphoV9W2Q6tKXk+ge4q5EhMOOC0rpwdGS80/slNSfsVqkN4gwXIEqSprXJFlf9aUKZU7WhPvqRBMNH+hJkQ==",
      "dev": true,
      "dependencies": {
        "@codemirror/state": "^6.0.0",
        "style-mod": "^4.0.0",
        "w3c-keyname": "^2.2.4"
      }
    },
    "node_modules/@lezer/common": {
      "version": "1.0.1",
      "resolved": "https://registry.npmjs.org/@lezer/common/-/common-1.0.1.tgz",
      "integrity": "sha512-8TR5++Q/F//tpDsLd5zkrvEX5xxeemafEaek7mUp7Y+bI8cKQXdSqhzTOBaOogETcMOVr0pT3BBPXp13477ciw==",
      "dev": true
    },
    "node_modules/@lezer/highlight": {
      "version": "1.1.1",
      "resolved": "https://registry.npmjs.org/@lezer/highlight/-/highlight-1.1.1.tgz",
      "integrity": "sha512-duv9D23O9ghEDnnUDmxu+L8pJy4nYo4AbCOHIudUhscrLSazqeJeK1V50EU6ZufWF1zv0KJwu/frFRyZWXxHBQ==",
      "dev": true,
      "dependencies": {
        "@lezer/common": "^1.0.0"
      }
    },
    "node_modules/@lezer/lr": {
      "version": "1.2.3",
      "resolved": "https://registry.npmjs.org/@lezer/lr/-/lr-1.2.3.tgz",
      "integrity": "sha512-qpB7rBzH8f6Mzjv2AVZRahcm+2Cf7nbIH++uXbvVOL1yIRvVWQ3HAM/saeBLCyz/togB7LGo76qdJYL1uKQlqA==",
      "dev": true,
      "dependencies": {
        "@lezer/common": "^1.0.0"
      }
    },
    "node_modules/@types/codemirror": {
      "version": "0.0.71",
      "resolved": "https://registry.npmjs.org/@types/codemirror/-/codemirror-0.0.71.tgz",
      "integrity": "sha512-b2oEEnno1LIGKMR7uBEsr40al1UijF1HEpRn0+Yf1xOLl24iQgB7DBpZVMM7y54G5wCNoclDrRO65E6KHPNO2w==",
      "dev": true,
      "dependencies": {
        "@types/tern": "*"
      }
    },
    "node_modules/@types/estree": {
      "version": "1.0.0",
      "resolved": "https://registry.npmjs.org/@types/estree/-/estree-1.0.0.tgz",
      "integrity": "sha512-WulqXMDUTYAXCjZnk6JtIHPigp55cVtDgDrO2gHRwhyJto21+1zbVCtOYB2L1F9w4qCQ0rOGWBnBe0FNTiEJIQ==",
      "dev": true
    },
    "node_modules/@types/jquery": {
      "version": "3.5.14",
      "resolved": "https://registry.npmjs.org/@types/jquery/-/jquery-3.5.14.tgz",
      "integrity": "sha512-X1gtMRMbziVQkErhTQmSe2jFwwENA/Zr+PprCkF63vFq+Yt5PZ4AlKqgmeNlwgn7dhsXEK888eIW2520EpC+xg==",
      "dev": true,
      "dependencies": {
        "@types/sizzle": "*"
      }
    },
    "node_modules/@types/linkify-it": {
      "version": "3.0.2",
      "resolved": "https://registry.npmjs.org/@types/linkify-it/-/linkify-it-3.0.2.tgz",
      "integrity": "sha512-HZQYqbiFVWufzCwexrvh694SOim8z2d+xJl5UNamcvQFejLY/2YUtzXHYi3cHdI7PMlS8ejH2slRAOJQ32aNbA==",
      "dev": true
    },
    "node_modules/@types/markdown-it": {
      "version": "0.0.7",
      "resolved": "https://registry.npmjs.org/@types/markdown-it/-/markdown-it-0.0.7.tgz",
      "integrity": "sha512-WyL6pa76ollQFQNEaLVa41ZUUvDvPY+qAUmlsphnrpL6I9p1m868b26FyeoOmo7X3/Ta/S9WKXcEYXUSHnxoVQ==",
      "dev": true,
      "dependencies": {
        "@types/linkify-it": "*"
      }
    },
    "node_modules/@types/sizzle": {
      "version": "2.3.3",
      "resolved": "https://registry.npmjs.org/@types/sizzle/-/sizzle-2.3.3.tgz",
      "integrity": "sha512-JYM8x9EGF163bEyhdJBpR2QX1R5naCJHC8ucJylJ3w9/CVBaskdQ8WqBf8MmQrd1kRvp/a4TS8HJ+bxzR7ZJYQ==",
      "dev": true
    },
    "node_modules/@types/tern": {
      "version": "0.23.4",
      "resolved": "https://registry.npmjs.org/@types/tern/-/tern-0.23.4.tgz",
      "integrity": "sha512-JAUw1iXGO1qaWwEOzxTKJZ/5JxVeON9kvGZ/osgZaJImBnyjyn0cjovPsf6FNLmyGY8Vw9DoXZCMlfMkMwHRWg==",
      "dev": true,
      "dependencies": {
        "@types/estree": "*"
      }
    },
    "node_modules/argparse": {
      "version": "1.0.10",
      "resolved": "https://registry.npmjs.org/argparse/-/argparse-1.0.10.tgz",
      "integrity": "sha512-o5Roy6tNG4SL/FOkCAN6RzjiakZS25RLYFrcMttJqbdd8BWrnA+fGz57iN5Pb06pvBGvl5gQ0B48dJlslXvoTg==",
      "dev": true,
      "dependencies": {
        "sprintf-js": "~1.0.2"
      }
    },
    "node_modules/codemirror": {
      "version": "6.0.1",
      "resolved": "https://registry.npmjs.org/codemirror/-/codemirror-6.0.1.tgz",
      "integrity": "sha512-J8j+nZ+CdWmIeFIGXEFbFPtpiYacFMDR8GlHK3IyHQJMCaVRfGx9NT+Hxivv1ckLWPvNdZqndbr/7lVhrf/Svg==",
      "dev": true,
      "dependencies": {
        "@codemirror/autocomplete": "^6.0.0",
        "@codemirror/commands": "^6.0.0",
        "@codemirror/language": "^6.0.0",
        "@codemirror/lint": "^6.0.0",
        "@codemirror/search": "^6.0.0",
        "@codemirror/state": "^6.0.0",
        "@codemirror/view": "^6.0.0"
      }
    },
    "node_modules/core-js": {
      "version": "3.25.5",
      "resolved": "https://registry.npmjs.org/core-js/-/core-js-3.25.5.tgz",
      "integrity": "sha512-nbm6eZSjm+ZuBQxCUPQKQCoUEfFOXjUZ8dTTyikyKaWrTYmAVbykQfwsKE5dBK88u3QCkCrzsx/PPlKfhsvgpw==",
      "dev": true,
      "hasInstallScript": true,
      "funding": {
        "type": "opencollective",
        "url": "https://opencollective.com/core-js"
      }
    },
    "node_modules/crelt": {
      "version": "1.0.5",
      "resolved": "https://registry.npmjs.org/crelt/-/crelt-1.0.5.tgz",
      "integrity": "sha512-+BO9wPPi+DWTDcNYhr/W90myha8ptzftZT+LwcmUbbok0rcP/fequmFYCw8NMoH7pkAZQzU78b3kYrlua5a9eA==",
      "dev": true
    },
    "node_modules/entities": {
      "version": "1.1.2",
      "resolved": "https://registry.npmjs.org/entities/-/entities-1.1.2.tgz",
      "integrity": "sha512-f2LZMYl1Fzu7YSBKg+RoROelpOaNrcGmE9AZubeDfrCEia483oW4MI4VyFd5VNHIgQ/7qm1I0wUHK1eJnn2y2w==",
      "dev": true
    },
    "node_modules/eve": {
      "version": "0.4.1",
      "resolved": "git+ssh://git@github.com/adobe-webplatform/eve.git#eef80ed8d188423c2272746fb8ae5cc8dad84cb1",
      "dev": true
    },
    "node_modules/highlight.js": {
      "version": "11.6.0",
      "resolved": "https://registry.npmjs.org/highlight.js/-/highlight.js-11.6.0.tgz",
      "integrity": "sha512-ig1eqDzJaB0pqEvlPVIpSSyMaO92bH1N2rJpLMN/nX396wTpDA4Eq0uK+7I/2XG17pFaaKE0kjV/XPeGt7Evjw==",
      "dev": true,
      "engines": {
        "node": ">=12.0.0"
      }
    },
    "node_modules/jquery": {
      "version": "3.6.1",
      "resolved": "https://registry.npmjs.org/jquery/-/jquery-3.6.1.tgz",
      "integrity": "sha512-opJeO4nCucVnsjiXOE+/PcCgYw9Gwpvs/a6B1LL/lQhwWwpbVEVYDZ1FokFr8PRc7ghYlrFPuyHuiiDNTQxmcw==",
      "dev": true
    },
    "node_modules/linkify-it": {
      "version": "2.2.0",
      "resolved": "https://registry.npmjs.org/linkify-it/-/linkify-it-2.2.0.tgz",
      "integrity": "sha512-GnAl/knGn+i1U/wjBz3akz2stz+HrHLsxMwHQGofCDfPvlf+gDKN58UtfmUquTY4/MXeE2x7k19KQmeoZi94Iw==",
      "dev": true,
      "dependencies": {
        "uc.micro": "^1.0.1"
      }
    },
    "node_modules/markdown-it": {
      "version": "9.1.0",
      "resolved": "https://registry.npmjs.org/markdown-it/-/markdown-it-9.1.0.tgz",
      "integrity": "sha512-xHKG4C8iPriyfu/jc2hsCC045fKrMQ0VexX2F1FGYiRxDxqMB2aAhF8WauJ3fltn2kb90moGBkiiEdooGIg55w==",
      "dev": true,
      "dependencies": {
        "argparse": "^1.0.7",
        "entities": "~1.1.1",
        "linkify-it": "^2.0.0",
        "mdurl": "^1.0.1",
        "uc.micro": "^1.0.5"
      },
      "bin": {
        "markdown-it": "bin/markdown-it.js"
      }
    },
    "node_modules/mdurl": {
      "version": "1.0.1",
      "resolved": "https://registry.npmjs.org/mdurl/-/mdurl-1.0.1.tgz",
      "integrity": "sha512-/sKlQJCBYVY9Ers9hqzKou4H6V5UWc/M59TH2dvkt+84itfnq7uFOMLpOiOS4ujvHP4etln18fmIxA5R5fll0g==",
      "dev": true
    },
    "node_modules/plantuml-encoder": {
      "version": "1.4.0",
      "resolved": "https://registry.npmjs.org/plantuml-encoder/-/plantuml-encoder-1.4.0.tgz",
      "integrity": "sha512-sxMwpDw/ySY1WB2CE3+IdMuEcWibJ72DDOsXLkSmEaSzwEUaYBT6DWgOfBiHGCux4q433X6+OEFWjlVqp7gL6g==",
      "dev": true
    },
    "node_modules/raphael": {
      "version": "2.2.0-c",
      "resolved": "git+ssh://git@github.com/nhn/raphael.git#78a6ed3ec269f33b6457b0ec66f8c3d1f2ed70e0",
      "dev": true,
      "license": "MIT",
      "dependencies": {
        "eve": "git://github.com/adobe-webplatform/eve.git#eef80ed"
      }
    },
    "node_modules/resize-observer-polyfill": {
      "version": "1.5.1",
      "resolved": "https://registry.npmjs.org/resize-observer-polyfill/-/resize-observer-polyfill-1.5.1.tgz",
      "integrity": "sha512-LwZrotdHOo12nQuZlHEmtuXdqGoOD0OhaxopaNFxWzInpEgaLWoVuAMbTzixuosCx2nEG58ngzW3vxdWoxIgdg==",
      "dev": true
    },
    "node_modules/sprintf-js": {
      "version": "1.0.3",
      "resolved": "https://registry.npmjs.org/sprintf-js/-/sprintf-js-1.0.3.tgz",
      "integrity": "sha512-D9cPgkvLlV3t3IzL0D0YLvGA9Ahk4PcvVwUbN0dSGr1aP0Nrt4AEnTUbuGvquEC0mA64Gqt1fzirlRs5ibXx8g==",
      "dev": true
    },
    "node_modules/squire-rte": {
      "version": "1.9.0",
      "resolved": "git+ssh://git@github.com/seonim-ryu/Squire.git#fd40b4e3020845825701e9689f190bab3f4775d4",
      "integrity": "sha512-PBFl6wvWCfw6hQ0kSqOG+3LbMkdhPPVJroZRPLeXcXJNjrBuvCJi6wtXYduS8JnPruAskFcZYfAAiTmc/CIIQQ==",
      "dev": true,
      "license": "MIT"
    },
    "node_modules/style-mod": {
      "version": "4.0.0",
      "resolved": "https://registry.npmjs.org/style-mod/-/style-mod-4.0.0.tgz",
      "integrity": "sha512-OPhtyEjyyN9x3nhPsu76f52yUGXiZcgvsrFVtvTkyGRQJ0XK+GPc6ov1z+lRpbeabka+MYEQxOYRnt5nF30aMw==",
      "dev": true
    },
    "node_modules/to-mark": {
      "version": "1.1.9",
      "resolved": "https://registry.npmjs.org/to-mark/-/to-mark-1.1.9.tgz",
      "integrity": "sha512-qHVnIhvwJbIIqOjuJgH2JlOmV/wPSSAY0QOQ47xQb9VPCzhV0Nd23+bBD4K/mzDGJA5lckZMfkgLScYvqKnPpg==",
      "dev": true
    },
    "node_modules/tui-chart": {
      "version": "3.11.3",
      "resolved": "https://registry.npmjs.org/tui-chart/-/tui-chart-3.11.3.tgz",
      "integrity": "sha512-DsRzC1vcwZE5S3z2SGCWiQdiHL0VCon2zQthk3SmDRQwrrA/LB2aOrIZjFWsn3HjPt+rsu7hg+2Cmgp9e2C4KA==",
      "dev": true,
      "dependencies": {
        "core-js": "^3.6.4",
        "raphael": "git+https://github.com/nhn/raphael.git#2.2.0-c",
        "tui-code-snippet": "^2.3.1"
      }
    },
    "node_modules/tui-chart/node_modules/tui-code-snippet": {
      "version": "2.3.3",
      "resolved": "https://registry.npmjs.org/tui-code-snippet/-/tui-code-snippet-2.3.3.tgz",
      "integrity": "sha512-5NEHTDFKillDNPy6MCgpXDNBTB7SZkHBFOF6vXfCDIFZcBdFYFXTd2xvAVvIeM3UYFRWu27xUf/Kxl5f9+RooQ==",
      "dev": true
    },
    "node_modules/tui-code-snippet": {
      "version": "1.5.2",
      "resolved": "https://registry.npmjs.org/tui-code-snippet/-/tui-code-snippet-1.5.2.tgz",
      "integrity": "sha512-6UqTlQaaC1KLcmC0HAoq5dtl1G4Fib+R+NC7pmaV7kiIlZ7JqKhUmnOoGRcreAyzd81UTK/vCvhrw9QJskpCFQ==",
      "dev": true
    },
    "node_modules/tui-color-picker": {
      "version": "2.2.8",
      "resolved": "https://registry.npmjs.org/tui-color-picker/-/tui-color-picker-2.2.8.tgz",
      "integrity": "sha512-q5sE9NQ5NR9lYpilYjcI7Sdv0KCogo+W8fZY+AYTj/HYg+9fscYy3UuJ6UQiV1bF+ARCLwFRWC8UcOt9kuUctQ==",
      "dev": true
    },
    "node_modules/tui-editor": {
      "version": "1.4.10",
      "resolved": "https://registry.npmjs.org/tui-editor/-/tui-editor-1.4.10.tgz",
      "integrity": "sha512-fET8etzvxTm0cFa7C8cbDFkPZ8R9s/oWVRr4i7Z1QKk4YkmY/hDjrdtWPXuIOy4/IzCWQHnv4TmnyVZmAbuG5Q==",
      "dev": true,
      "dependencies": {
        "@types/codemirror": "0.0.71",
        "@types/jquery": "^3.3.29",
        "@types/markdown-it": "0.0.7",
        "codemirror": "^5.48.4",
        "highlight.js": "^9.12.0",
        "jquery": "^3.3.1",
        "markdown-it": "^9.0.0",
        "plantuml-encoder": "^1.2.5",
        "resize-observer-polyfill": "^1.5.0",
        "squire-rte": "github:seonim-ryu/Squire#fd40b4e3020845825701e9689f190bab3f4775d4",
        "to-mark": "^1.1.9",
        "tui-chart": "^3.7.0",
        "tui-code-snippet": "^1.5.0",
        "tui-color-picker": "^2.2.1"
      }
    },
    "node_modules/tui-editor/node_modules/codemirror": {
      "version": "5.65.9",
      "resolved": "https://registry.npmjs.org/codemirror/-/codemirror-5.65.9.tgz",
      "integrity": "sha512-19Jox5sAKpusTDgqgKB5dawPpQcY+ipQK7xoEI+MVucEF9qqFaXpeqY1KaoyGBso/wHQoDa4HMMxMjdsS3Zzzw==",
      "dev": true
    },
    "node_modules/tui-editor/node_modules/highlight.js": {
      "version": "9.18.5",
      "resolved": "https://registry.npmjs.org/highlight.js/-/highlight.js-9.18.5.tgz",
      "integrity": "sha512-a5bFyofd/BHCX52/8i8uJkjr9DYwXIPnM/plwI6W7ezItLGqzt7X2G2nXuYSfsIJdkwwj/g9DG1LkcGJI/dDoA==",
      "deprecated": "Support has ended for 9.x series. Upgrade to @latest",
      "dev": true,
      "hasInstallScript": true,
      "engines": {
        "node": "*"
      }
    },
    "node_modules/uc.micro": {
      "version": "1.0.6",
      "resolved": "https://registry.npmjs.org/uc.micro/-/uc.micro-1.0.6.tgz",
      "integrity": "sha512-8Y75pvTYkLJW2hWQHXxoqRgV7qb9B+9vFEtidML+7koHUFapnVJAZ6cKs+Qjz5Aw3aZWHMC6u0wJE3At+nSGwA==",
      "dev": true
    },
    "node_modules/w3c-keyname": {
      "version": "2.2.6",
      "resolved": "https://registry.npmjs.org/w3c-keyname/-/w3c-keyname-2.2.6.tgz",
      "integrity": "sha512-f+fciywl1SJEniZHD6H+kUO8gOnwIr7f4ijKA6+ZvJFjeGi1r4PDLl53Ayud9O/rk64RqgoQine0feoeOU0kXg==",
      "dev": true
    }
  },
  "dependencies": {
    "@codemirror/autocomplete": {
      "version": "6.3.0",
      "resolved": "https://registry.npmjs.org/@codemirror/autocomplete/-/autocomplete-6.3.0.tgz",
      "integrity": "sha512-4jEvh3AjJZTDKazd10J6ZsCIqaYxDMCeua5ouQxY8hlFIml+nr7le0SgBhT3SIytFBmdzPK3AUhXGuW3T79nVg==",
      "dev": true,
      "requires": {
        "@codemirror/language": "^6.0.0",
        "@codemirror/state": "^6.0.0",
        "@codemirror/view": "^6.0.0",
        "@lezer/common": "^1.0.0"
      }
    },
    "@codemirror/commands": {
      "version": "6.1.2",
      "resolved": "https://registry.npmjs.org/@codemirror/commands/-/commands-6.1.2.tgz",
      "integrity": "sha512-sO3jdX1s0pam6lIdeSJLMN3DQ6mPEbM4yLvyKkdqtmd/UDwhXA5+AwFJ89rRXm6vTeOXBsE5cAmlos/t7MJdgg==",
      "dev": true,
      "requires": {
        "@codemirror/language": "^6.0.0",
        "@codemirror/state": "^6.0.0",
        "@codemirror/view": "^6.0.0",
        "@lezer/common": "^1.0.0"
      }
    },
    "@codemirror/language": {
      "version": "6.2.1",
      "resolved": "https://registry.npmjs.org/@codemirror/language/-/language-6.2.1.tgz",
      "integrity": "sha512-MC3svxuvIj0MRpFlGHxLS6vPyIdbTr2KKPEW46kCoCXw2ktb4NTkpkPBI/lSP/FoNXLCBJ0mrnUi1OoZxtpW1Q==",
      "dev": true,
      "requires": {
        "@codemirror/state": "^6.0.0",
        "@codemirror/view": "^6.0.0",
        "@lezer/common": "^1.0.0",
        "@lezer/highlight": "^1.0.0",
        "@lezer/lr": "^1.0.0",
        "style-mod": "^4.0.0"
      }
    },
    "@codemirror/lint": {
      "version": "6.0.0",
      "resolved": "https://registry.npmjs.org/@codemirror/lint/-/lint-6.0.0.tgz",
      "integrity": "sha512-nUUXcJW1Xp54kNs+a1ToPLK8MadO0rMTnJB8Zk4Z8gBdrN0kqV7uvUraU/T2yqg+grDNR38Vmy/MrhQN/RgwiA==",
      "dev": true,
      "requires": {
        "@codemirror/state": "^6.0.0",
        "@codemirror/view": "^6.0.0",
        "crelt": "^1.0.5"
      }
    },
    "@codemirror/search": {
      "version": "6.2.1",
      "resolved": "https://registry.npmjs.org/@codemirror/search/-/search-6.2.1.tgz",
      "integrity": "sha512-Q1JgUSBjQZRPIddlXzad/AVDigdhriLxQNFyP0gfrDTq6LDHNhr95U/tW3bpVssGenkaLzujtu/7XoK4kyvL3g==",
      "dev": true,
      "requires": {
        "@codemirror/state": "^6.0.0",
        "@codemirror/view": "^6.0.0",
        "crelt": "^1.0.5"
      }
    },
    "@codemirror/state": {
      "version": "6.1.2",
      "resolved": "https://registry.npmjs.org/@codemirror/state/-/state-6.1.2.tgz",
      "integrity": "sha512-Mxff85Hp5va+zuj+H748KbubXjrinX/k28lj43H14T2D0+4kuvEFIEIO7hCEcvBT8ubZyIelt9yGOjj2MWOEQA==",
      "dev": true
    },
    "@codemirror/view": {
      "version": "6.3.1",
      "resolved": "https://registry.npmjs.org/@codemirror/view/-/view-6.3.1.tgz",
      "integrity": "sha512-NKPBphoV9W2Q6tKXk+ge4q5EhMOOC0rpwdGS80/slNSfsVqkN4gwXIEqSprXJFlf9aUKZU7WhPvqRBMNH+hJkQ==",
      "dev": true,
      "requires": {
        "@codemirror/state": "^6.0.0",
        "style-mod": "^4.0.0",
        "w3c-keyname": "^2.2.4"
      }
    },
    "@lezer/common": {
      "version": "1.0.1",
      "resolved": "https://registry.npmjs.org/@lezer/common/-/common-1.0.1.tgz",
      "integrity": "sha512-8TR5++Q/F//tpDsLd5zkrvEX5xxeemafEaek7mUp7Y+bI8cKQXdSqhzTOBaOogETcMOVr0pT3BBPXp13477ciw==",
      "dev": true
    },
    "@lezer/highlight": {
      "version": "1.1.1",
      "resolved": "https://registry.npmjs.org/@lezer/highlight/-/highlight-1.1.1.tgz",
      "integrity": "sha512-duv9D23O9ghEDnnUDmxu+L8pJy4nYo4AbCOHIudUhscrLSazqeJeK1V50EU6ZufWF1zv0KJwu/frFRyZWXxHBQ==",
      "dev": true,
      "requires": {
        "@lezer/common": "^1.0.0"
      }
    },
    "@lezer/lr": {
      "version": "1.2.3",
      "resolved": "https://registry.npmjs.org/@lezer/lr/-/lr-1.2.3.tgz",
      "integrity": "sha512-qpB7rBzH8f6Mzjv2AVZRahcm+2Cf7nbIH++uXbvVOL1yIRvVWQ3HAM/saeBLCyz/togB7LGo76qdJYL1uKQlqA==",
      "dev": true,
      "requires": {
        "@lezer/common": "^1.0.0"
      }
    },
    "@types/codemirror": {
      "version": "0.0.71",
      "resolved": "https://registry.npmjs.org/@types/codemirror/-/codemirror-0.0.71.tgz",
      "integrity": "sha512-b2oEEnno1LIGKMR7uBEsr40al1UijF1HEpRn0+Yf1xOLl24iQgB7DBpZVMM7y54G5wCNoclDrRO65E6KHPNO2w==",
      "dev": true,
      "requires": {
        "@types/tern": "*"
      }
    },
    "@types/estree": {
      "version": "1.0.0",
      "resolved": "https://registry.npmjs.org/@types/estree/-/estree-1.0.0.tgz",
      "integrity": "sha512-WulqXMDUTYAXCjZnk6JtIHPigp55cVtDgDrO2gHRwhyJto21+1zbVCtOYB2L1F9w4qCQ0rOGWBnBe0FNTiEJIQ==",
      "dev": true
    },
    "@types/jquery": {
      "version": "3.5.14",
      "resolved": "https://registry.npmjs.org/@types/jquery/-/jquery-3.5.14.tgz",
      "integrity": "sha512-X1gtMRMbziVQkErhTQmSe2jFwwENA/Zr+PprCkF63vFq+Yt5PZ4AlKqgmeNlwgn7dhsXEK888eIW2520EpC+xg==",
      "dev": true,
      "requires": {
        "@types/sizzle": "*"
      }
    },
    "@types/linkify-it": {
      "version": "3.0.2",
      "resolved": "https://registry.npmjs.org/@types/linkify-it/-/linkify-it-3.0.2.tgz",
      "integrity": "sha512-HZQYqbiFVWufzCwexrvh694SOim8z2d+xJl5UNamcvQFejLY/2YUtzXHYi3cHdI7PMlS8ejH2slRAOJQ32aNbA==",
      "dev": true
    },
    "@types/markdown-it": {
      "version": "0.0.7",
      "resolved": "https://registry.npmjs.org/@types/markdown-it/-/markdown-it-0.0.7.tgz",
      "integrity": "sha512-WyL6pa76ollQFQNEaLVa41ZUUvDvPY+qAUmlsphnrpL6I9p1m868b26FyeoOmo7X3/Ta/S9WKXcEYXUSHnxoVQ==",
      "dev": true,
      "requires": {
        "@types/linkify-it": "*"
      }
    },
    "@types/sizzle": {
      "version": "2.3.3",
      "resolved": "https://registry.npmjs.org/@types/sizzle/-/sizzle-2.3.3.tgz",
      "integrity": "sha512-JYM8x9EGF163bEyhdJBpR2QX1R5naCJHC8ucJylJ3w9/CVBaskdQ8WqBf8MmQrd1kRvp/a4TS8HJ+bxzR7ZJYQ==",
      "dev": true
    },
    "@types/tern": {
      "version": "0.23.4",
      "resolved": "https://registry.npmjs.org/@types/tern/-/tern-0.23.4.tgz",
      "integrity": "sha512-JAUw1iXGO1qaWwEOzxTKJZ/5JxVeON9kvGZ/osgZaJImBnyjyn0cjovPsf6FNLmyGY8Vw9DoXZCMlfMkMwHRWg==",
      "dev": true,
      "requires": {
        "@types/estree": "*"
      }
    },
    "argparse": {
      "version": "1.0.10",
      "resolved": "https://registry.npmjs.org/argparse/-/argparse-1.0.10.tgz",
      "integrity": "sha512-o5Roy6tNG4SL/FOkCAN6RzjiakZS25RLYFrcMttJqbdd8BWrnA+fGz57iN5Pb06pvBGvl5gQ0B48dJlslXvoTg==",
      "dev": true,
      "requires": {
        "sprintf-js": "~1.0.2"
      }
    },
    "codemirror": {
      "version": "6.0.1",
      "resolved": "https://registry.npmjs.org/codemirror/-/codemirror-6.0.1.tgz",
      "integrity": "sha512-J8j+nZ+CdWmIeFIGXEFbFPtpiYacFMDR8GlHK3IyHQJMCaVRfGx9NT+Hxivv1ckLWPvNdZqndbr/7lVhrf/Svg==",
      "dev": true,
      "requires": {
        "@codemirror/autocomplete": "^6.0.0",
        "@codemirror/commands": "^6.0.0",
        "@codemirror/language": "^6.0.0",
        "@codemirror/lint": "^6.0.0",
        "@codemirror/search": "^6.0.0",
        "@codemirror/state": "^6.0.0",
        "@codemirror/view": "^6.0.0"
      }
    },
    "core-js": {
      "version": "3.25.5",
      "resolved": "https://registry.npmjs.org/core-js/-/core-js-3.25.5.tgz",
      "integrity": "sha512-nbm6eZSjm+ZuBQxCUPQKQCoUEfFOXjUZ8dTTyikyKaWrTYmAVbykQfwsKE5dBK88u3QCkCrzsx/PPlKfhsvgpw==",
      "dev": true
    },
    "crelt": {
      "version": "1.0.5",
      "resolved": "https://registry.npmjs.org/crelt/-/crelt-1.0.5.tgz",
      "integrity": "sha512-+BO9wPPi+DWTDcNYhr/W90myha8ptzftZT+LwcmUbbok0rcP/fequmFYCw8NMoH7pkAZQzU78b3kYrlua5a9eA==",
      "dev": true
    },
    "entities": {
      "version": "1.1.2",
      "resolved": "https://registry.npmjs.org/entities/-/entities-1.1.2.tgz",
      "integrity": "sha512-f2LZMYl1Fzu7YSBKg+RoROelpOaNrcGmE9AZubeDfrCEia483oW4MI4VyFd5VNHIgQ/7qm1I0wUHK1eJnn2y2w==",
      "dev": true
    },
    "eve": {
      "version": "git+ssh://git@github.com/adobe-webplatform/eve.git#eef80ed8d188423c2272746fb8ae5cc8dad84cb1",
      "dev": true,
      "from": "eve@git://github.com/adobe-webplatform/eve.git#eef80ed"
    },
    "highlight.js": {
      "version": "11.6.0",
      "resolved": "https://registry.npmjs.org/highlight.js/-/highlight.js-11.6.0.tgz",
      "integrity": "sha512-ig1eqDzJaB0pqEvlPVIpSSyMaO92bH1N2rJpLMN/nX396wTpDA4Eq0uK+7I/2XG17pFaaKE0kjV/XPeGt7Evjw==",
      "dev": true
    },
    "jquery": {
      "version": "3.6.1",
      "resolved": "https://registry.npmjs.org/jquery/-/jquery-3.6.1.tgz",
      "integrity": "sha512-opJeO4nCucVnsjiXOE+/PcCgYw9Gwpvs/a6B1LL/lQhwWwpbVEVYDZ1FokFr8PRc7ghYlrFPuyHuiiDNTQxmcw==",
      "dev": true
    },
    "linkify-it": {
      "version": "2.2.0",
      "resolved": "https://registry.npmjs.org/linkify-it/-/linkify-it-2.2.0.tgz",
      "integrity": "sha512-GnAl/knGn+i1U/wjBz3akz2stz+HrHLsxMwHQGofCDfPvlf+gDKN58UtfmUquTY4/MXeE2x7k19KQmeoZi94Iw==",
      "dev": true,
      "requires": {
        "uc.micro": "^1.0.1"
      }
    },
    "markdown-it": {
      "version": "9.1.0",
      "resolved": "https://registry.npmjs.org/markdown-it/-/markdown-it-9.1.0.tgz",
      "integrity": "sha512-xHKG4C8iPriyfu/jc2hsCC045fKrMQ0VexX2F1FGYiRxDxqMB2aAhF8WauJ3fltn2kb90moGBkiiEdooGIg55w==",
      "dev": true,
      "requires": {
        "argparse": "^1.0.7",
        "entities": "~1.1.1",
        "linkify-it": "^2.0.0",
        "mdurl": "^1.0.1",
        "uc.micro": "^1.0.5"
      }
    },
    "mdurl": {
      "version": "1.0.1",
      "resolved": "https://registry.npmjs.org/mdurl/-/mdurl-1.0.1.tgz",
      "integrity": "sha512-/sKlQJCBYVY9Ers9hqzKou4H6V5UWc/M59TH2dvkt+84itfnq7uFOMLpOiOS4ujvHP4etln18fmIxA5R5fll0g==",
      "dev": true
    },
    "plantuml-encoder": {
      "version": "1.4.0",
      "resolved": "https://registry.npmjs.org/plantuml-encoder/-/plantuml-encoder-1.4.0.tgz",
      "integrity": "sha512-sxMwpDw/ySY1WB2CE3+IdMuEcWibJ72DDOsXLkSmEaSzwEUaYBT6DWgOfBiHGCux4q433X6+OEFWjlVqp7gL6g==",
      "dev": true
    },
    "raphael": {
      "version": "git+ssh://git@github.com/nhn/raphael.git#78a6ed3ec269f33b6457b0ec66f8c3d1f2ed70e0",
      "dev": true,
      "from": "raphael@git+https://github.com/nhn/raphael.git#2.2.0-c",
      "requires": {
        "eve": "git://github.com/adobe-webplatform/eve.git#eef80ed"
      }
    },
    "resize-observer-polyfill": {
      "version": "1.5.1",
      "resolved": "https://registry.npmjs.org/resize-observer-polyfill/-/resize-observer-polyfill-1.5.1.tgz",
      "integrity": "sha512-LwZrotdHOo12nQuZlHEmtuXdqGoOD0OhaxopaNFxWzInpEgaLWoVuAMbTzixuosCx2nEG58ngzW3vxdWoxIgdg==",
      "dev": true
    },
    "sprintf-js": {
      "version": "1.0.3",
      "resolved": "https://registry.npmjs.org/sprintf-js/-/sprintf-js-1.0.3.tgz",
      "integrity": "sha512-D9cPgkvLlV3t3IzL0D0YLvGA9Ahk4PcvVwUbN0dSGr1aP0Nrt4AEnTUbuGvquEC0mA64Gqt1fzirlRs5ibXx8g==",
      "dev": true
    },
    "squire-rte": {
      "version": "git+ssh://git@github.com/seonim-ryu/Squire.git#fd40b4e3020845825701e9689f190bab3f4775d4",
      "integrity": "sha512-PBFl6wvWCfw6hQ0kSqOG+3LbMkdhPPVJroZRPLeXcXJNjrBuvCJi6wtXYduS8JnPruAskFcZYfAAiTmc/CIIQQ==",
      "dev": true,
      "from": "squire-rte@github:seonim-ryu/Squire#fd40b4e3020845825701e9689f190bab3f4775d4"
    },
    "style-mod": {
      "version": "4.0.0",
      "resolved": "https://registry.npmjs.org/style-mod/-/style-mod-4.0.0.tgz",
      "integrity": "sha512-OPhtyEjyyN9x3nhPsu76f52yUGXiZcgvsrFVtvTkyGRQJ0XK+GPc6ov1z+lRpbeabka+MYEQxOYRnt5nF30aMw==",
      "dev": true
    },
    "to-mark": {
      "version": "1.1.9",
      "resolved": "https://registry.npmjs.org/to-mark/-/to-mark-1.1.9.tgz",
      "integrity": "sha512-qHVnIhvwJbIIqOjuJgH2JlOmV/wPSSAY0QOQ47xQb9VPCzhV0Nd23+bBD4K/mzDGJA5lckZMfkgLScYvqKnPpg==",
      "dev": true
    },
    "tui-chart": {
      "version": "3.11.3",
      "resolved": "https://registry.npmjs.org/tui-chart/-/tui-chart-3.11.3.tgz",
      "integrity": "sha512-DsRzC1vcwZE5S3z2SGCWiQdiHL0VCon2zQthk3SmDRQwrrA/LB2aOrIZjFWsn3HjPt+rsu7hg+2Cmgp9e2C4KA==",
      "dev": true,
      "requires": {
        "core-js": "^3.6.4",
        "raphael": "git+https://github.com/nhn/raphael.git#2.2.0-c",
        "tui-code-snippet": "^2.3.1"
      },
      "dependencies": {
        "tui-code-snippet": {
          "version": "2.3.3",
          "resolved": "https://registry.npmjs.org/tui-code-snippet/-/tui-code-snippet-2.3.3.tgz",
          "integrity": "sha512-5NEHTDFKillDNPy6MCgpXDNBTB7SZkHBFOF6vXfCDIFZcBdFYFXTd2xvAVvIeM3UYFRWu27xUf/Kxl5f9+RooQ==",
          "dev": true
        }
      }
    },
    "tui-code-snippet": {
      "version": "1.5.2",
      "resolved": "https://registry.npmjs.org/tui-code-snippet/-/tui-code-snippet-1.5.2.tgz",
      "integrity": "sha512-6UqTlQaaC1KLcmC0HAoq5dtl1G4Fib+R+NC7pmaV7kiIlZ7JqKhUmnOoGRcreAyzd81UTK/vCvhrw9QJskpCFQ==",
      "dev": true
    },
    "tui-color-picker": {
      "version": "2.2.8",
      "resolved": "https://registry.npmjs.org/tui-color-picker/-/tui-color-picker-2.2.8.tgz",
      "integrity": "sha512-q5sE9NQ5NR9lYpilYjcI7Sdv0KCogo+W8fZY+AYTj/HYg+9fscYy3UuJ6UQiV1bF+ARCLwFRWC8UcOt9kuUctQ==",
      "dev": true
    },
    "tui-editor": {
      "version": "1.4.10",
      "resolved": "https://registry.npmjs.org/tui-editor/-/tui-editor-1.4.10.tgz",
      "integrity": "sha512-fET8etzvxTm0cFa7C8cbDFkPZ8R9s/oWVRr4i7Z1QKk4YkmY/hDjrdtWPXuIOy4/IzCWQHnv4TmnyVZmAbuG5Q==",
      "dev": true,
      "requires": {
        "@types/codemirror": "0.0.71",
        "@types/jquery": "^3.3.29",
        "@types/markdown-it": "0.0.7",
        "codemirror": "^5.48.4",
        "highlight.js": "^9.12.0",
        "jquery": "^3.3.1",
        "markdown-it": "^9.0.0",
        "plantuml-encoder": "^1.2.5",
        "resize-observer-polyfill": "^1.5.0",
        "squire-rte": "github:seonim-ryu/Squire#fd40b4e3020845825701e9689f190bab3f4775d4",
        "to-mark": "^1.1.9",
        "tui-chart": "^3.7.0",
        "tui-code-snippet": "^1.5.0",
        "tui-color-picker": "^2.2.1"
      },
      "dependencies": {
        "codemirror": {
          "version": "5.65.9",
          "resolved": "https://registry.npmjs.org/codemirror/-/codemirror-5.65.9.tgz",
          "integrity": "sha512-19Jox5sAKpusTDgqgKB5dawPpQcY+ipQK7xoEI+MVucEF9qqFaXpeqY1KaoyGBso/wHQoDa4HMMxMjdsS3Zzzw==",
          "dev": true
        },
        "highlight.js": {
          "version": "9.18.5",
          "resolved": "https://registry.npmjs.org/highlight.js/-/highlight.js-9.18.5.tgz",
          "integrity": "sha512-a5bFyofd/BHCX52/8i8uJkjr9DYwXIPnM/plwI6W7ezItLGqzt7X2G2nXuYSfsIJdkwwj/g9DG1LkcGJI/dDoA==",
          "dev": true
        }
      }
    },
    "uc.micro": {
      "version": "1.0.6",
      "resolved": "https://registry.npmjs.org/uc.micro/-/uc.micro-1.0.6.tgz",
      "integrity": "sha512-8Y75pvTYkLJW2hWQHXxoqRgV7qb9B+9vFEtidML+7koHUFapnVJAZ6cKs+Qjz5Aw3aZWHMC6u0wJE3At+nSGwA==",
      "dev": true
    },
    "w3c-keyname": {
      "version": "2.2.6",
      "resolved": "https://registry.npmjs.org/w3c-keyname/-/w3c-keyname-2.2.6.tgz",
      "integrity": "sha512-f+fciywl1SJEniZHD6H+kUO8gOnwIr7f4ijKA6+ZvJFjeGi1r4PDLl53Ayud9O/rk64RqgoQine0feoeOU0kXg==",
      "dev": true
    }
  }
}
